github.com/golang/protobuf v1.3.1 h1:YF8+flBXS5eO826T4nzqPrxfhQThhXl0YzfuUPu4SBg=
github.com/golang/protobuf v1.3.1/go.mod h1:6lQm79b+lXiMfvg/cZm0SGofjICqVBUtrP5yJMmIC1U=
github.com/onsi/ginkgo v1.3.0 h1:dIq/ph1T87+3AyCQgKFCIBlBWKqOd/livesOgD0g2wA=
github.com/onsi/ginkgo v1.3.0/go.mod h1:lLunBs/Ym6LB5Z9jYTR76FiuTmxDTDusOGeTQH+WWjE=
github.com/onsi/gomega v0.0.0-20151007035656-2152b45fa28a h1:KfNOeFvoAssuZLT7IntKZElKwi/5LRuxY71k+t6rfaM=
github.com/onsi/gomega v0.0.0-20151007035656-2152b45fa28a/go.mod h1:C1qb7wdrVGGVU+Z6iS04AVkA3Q65CEZX59MT0QO5uiA=
golang.org/x/sys v0.0.0-20180615093615-8014b7b116a6 h1:rrYit4tsTJh0vBGArAqChQtS30skP1y3gh9UFDu8PBA=
golang.org/x/sys v0.0.0-20180615093615-8014b7b116a6/go.mod h1:STP8DvDyc/dI5b8T5hshtkjS+E42TnysNCUPdjciGhY=
